// !$*UTF8*$!
{
	archiveVersion = 1;
	classes = {
	};
	objectVersion = 55;
	objects = {

/* Begin PBXBuildFile section */
		34C0FDA428144A6D00DA10B1 /* AppDelegate.swift in Sources */ = {isa = PBXBuildFile; fileRef = 34C0FDA328144A6D00DA10B1 /* AppDelegate.swift */; };
		34C0FDA628144A6D00DA10B1 /* SceneDelegate.swift in Sources */ = {isa = PBXBuildFile; fileRef = 34C0FDA528144A6D00DA10B1 /* SceneDelegate.swift */; };
		34C0FDA828144A6D00DA10B1 /* ViewController.swift in Sources */ = {isa = PBXBuildFile; fileRef = 34C0FDA728144A6D00DA10B1 /* ViewController.swift */; };
		34C0FDAB28144A6D00DA10B1 /* Main.storyboard in Resources */ = {isa = PBXBuildFile; fileRef = 34C0FDA928144A6D00DA10B1 /* Main.storyboard */; };
		34C0FDAD28144A6F00DA10B1 /* Assets.xcassets in Resources */ = {isa = PBXBuildFile; fileRef = 34C0FDAC28144A6F00DA10B1 /* Assets.xcassets */; };
		34C0FDB028144A6F00DA10B1 /* LaunchScreen.storyboard in Resources */ = {isa = PBXBuildFile; fileRef = 34C0FDAE28144A6F00DA10B1 /* LaunchScreen.storyboard */; };
		34C0FDC128144A8E00DA10B1 /* vieauv3AudioUnit.m in Sources */ = {isa = PBXBuildFile; fileRef = 34C0FDC028144A8E00DA10B1 /* vieauv3AudioUnit.m */; };
		34C0FDC528144A8E00DA10B1 /* DSPKernel.hpp in Resources */ = {isa = PBXBuildFile; fileRef = 34C0FDC428144A8E00DA10B1 /* DSPKernel.hpp */; };
		34C0FDC728144A8E00DA10B1 /* DSPKernel.mm in Sources */ = {isa = PBXBuildFile; fileRef = 34C0FDC628144A8E00DA10B1 /* DSPKernel.mm */; };
		34C0FDC928144A8E00DA10B1 /* BufferedAudioBus.hpp in Resources */ = {isa = PBXBuildFile; fileRef = 34C0FDC828144A8E00DA10B1 /* BufferedAudioBus.hpp */; };
		34C0FDCC28144A8E00DA10B1 /* vieauv3DSPKernel.hpp in Resources */ = {isa = PBXBuildFile; fileRef = 34C0FDCB28144A8E00DA10B1 /* vieauv3DSPKernel.hpp */; };
		34C0FDCE28144A8E00DA10B1 /* vieauv3DSPKernel.mm in Sources */ = {isa = PBXBuildFile; fileRef = 34C0FDCD28144A8E00DA10B1 /* vieauv3DSPKernel.mm */; };
		34C0FDD128144A8E00DA10B1 /* AudioUnitViewController.swift in Sources */ = {isa = PBXBuildFile; fileRef = 34C0FDD028144A8E00DA10B1 /* AudioUnitViewController.swift */; };
		34C0FDD328144A8E00DA10B1 /* vieauv3AudioUnit.swift in Sources */ = {isa = PBXBuildFile; fileRef = 34C0FDD228144A8E00DA10B1 /* vieauv3AudioUnit.swift */; };
		34C0FDD528144A8E00DA10B1 /* vieauv3Parameters.swift in Sources */ = {isa = PBXBuildFile; fileRef = 34C0FDD428144A8E00DA10B1 /* vieauv3Parameters.swift */; };
		34C0FDD928144A8E00DA10B1 /* MainInterface.storyboard in Resources */ = {isa = PBXBuildFile; fileRef = 34C0FDD728144A8E00DA10B1 /* MainInterface.storyboard */; };
		34C0FDDD28144A8E00DA10B1 /* vieauv3.appex in Embed App Extensions */ = {isa = PBXBuildFile; fileRef = 34C0FDBC28144A8E00DA10B1 /* vieauv3.appex */; settings = {ATTRIBUTES = (RemoveHeadersOnCopy, ); }; };
		34C354F92815A99200605131 /* view in Resources */ = {isa = PBXBuildFile; fileRef = 34C354F82815A99200605131 /* view */; };
		34C354FA2815A99200605131 /* view in Resources */ = {isa = PBXBuildFile; fileRef = 34C354F82815A99200605131 /* view */; };
/* End PBXBuildFile section */

/* Begin PBXContainerItemProxy section */
		34C0FDDB28144A8E00DA10B1 /* PBXContainerItemProxy */ = {
			isa = PBXContainerItemProxy;
			containerPortal = 34C0FD9828144A6D00DA10B1 /* Project object */;
			proxyType = 1;
			remoteGlobalIDString = 34C0FDBB28144A8E00DA10B1;
			remoteInfo = vieauv3;
		};
/* End PBXContainerItemProxy section */

/* Begin PBXCopyFilesBuildPhase section */
		34C0FDE228144A8E00DA10B1 /* Embed App Extensions */ = {
			isa = PBXCopyFilesBuildPhase;
			buildActionMask = 2147483647;
			dstPath = "";
			dstSubfolderSpec = 13;
			files = (
				34C0FDDD28144A8E00DA10B1 /* vieauv3.appex in Embed App Extensions */,
			);
			name = "Embed App Extensions";
			runOnlyForDeploymentPostprocessing = 0;
		};
/* End PBXCopyFilesBuildPhase section */

/* Begin PBXFileReference section */
		34C0FDA028144A6D00DA10B1 /* vie.app */ = {isa = PBXFileReference; explicitFileType = wrapper.application; includeInIndex = 0; path = vie.app; sourceTree = BUILT_PRODUCTS_DIR; };
		34C0FDA328144A6D00DA10B1 /* AppDelegate.swift */ = {isa = PBXFileReference; lastKnownFileType = sourcecode.swift; path = AppDelegate.swift; sourceTree = "<group>"; };
		34C0FDA528144A6D00DA10B1 /* SceneDelegate.swift */ = {isa = PBXFileReference; lastKnownFileType = sourcecode.swift; path = SceneDelegate.swift; sourceTree = "<group>"; };
		34C0FDA728144A6D00DA10B1 /* ViewController.swift */ = {isa = PBXFileReference; lastKnownFileType = sourcecode.swift; path = ViewController.swift; sourceTree = "<group>"; };
		34C0FDAA28144A6D00DA10B1 /* Base */ = {isa = PBXFileReference; lastKnownFileType = file.storyboard; name = Base; path = Base.lproj/Main.storyboard; sourceTree = "<group>"; };
		34C0FDAC28144A6F00DA10B1 /* Assets.xcassets */ = {isa = PBXFileReference; lastKnownFileType = folder.assetcatalog; path = Assets.xcassets; sourceTree = "<group>"; };
		34C0FDAF28144A6F00DA10B1 /* Base */ = {isa = PBXFileReference; lastKnownFileType = file.storyboard; name = Base; path = Base.lproj/LaunchScreen.storyboard; sourceTree = "<group>"; };
		34C0FDB128144A6F00DA10B1 /* Info.plist */ = {isa = PBXFileReference; lastKnownFileType = text.plist.xml; path = Info.plist; sourceTree = "<group>"; };
		34C0FDB728144A7400DA10B1 /* vie.entitlements */ = {isa = PBXFileReference; lastKnownFileType = text.plist.entitlements; path = vie.entitlements; sourceTree = "<group>"; };
		34C0FDBC28144A8E00DA10B1 /* vieauv3.appex */ = {isa = PBXFileReference; explicitFileType = "wrapper.app-extension"; includeInIndex = 0; path = vieauv3.appex; sourceTree = BUILT_PRODUCTS_DIR; };
		34C0FDBF28144A8E00DA10B1 /* vieauv3AudioUnit.h */ = {isa = PBXFileReference; lastKnownFileType = sourcecode.c.h; path = vieauv3AudioUnit.h; sourceTree = "<group>"; };
		34C0FDC028144A8E00DA10B1 /* vieauv3AudioUnit.m */ = {isa = PBXFileReference; lastKnownFileType = sourcecode.c.objc; path = vieauv3AudioUnit.m; sourceTree = "<group>"; };
		34C0FDC428144A8E00DA10B1 /* DSPKernel.hpp */ = {isa = PBXFileReference; lastKnownFileType = sourcecode.cpp.h; path = DSPKernel.hpp; sourceTree = "<group>"; };
		34C0FDC628144A8E00DA10B1 /* DSPKernel.mm */ = {isa = PBXFileReference; lastKnownFileType = sourcecode.cpp.objcpp; path = DSPKernel.mm; sourceTree = "<group>"; };
		34C0FDC828144A8E00DA10B1 /* BufferedAudioBus.hpp */ = {isa = PBXFileReference; lastKnownFileType = sourcecode.cpp.h; path = BufferedAudioBus.hpp; sourceTree = "<group>"; };
		34C0FDCA28144A8E00DA10B1 /* vieauv3DSPKernelAdapter.h */ = {isa = PBXFileReference; lastKnownFileType = sourcecode.c.h; path = vieauv3DSPKernelAdapter.h; sourceTree = "<group>"; };
		34C0FDCB28144A8E00DA10B1 /* vieauv3DSPKernel.hpp */ = {isa = PBXFileReference; lastKnownFileType = sourcecode.cpp.h; path = vieauv3DSPKernel.hpp; sourceTree = "<group>"; };
		34C0FDCD28144A8E00DA10B1 /* vieauv3DSPKernel.mm */ = {isa = PBXFileReference; lastKnownFileType = sourcecode.cpp.objcpp; path = vieauv3DSPKernel.mm; sourceTree = "<group>"; };
		34C0FDD028144A8E00DA10B1 /* AudioUnitViewController.swift */ = {isa = PBXFileReference; lastKnownFileType = sourcecode.swift; path = AudioUnitViewController.swift; sourceTree = "<group>"; };
		34C0FDD228144A8E00DA10B1 /* vieauv3AudioUnit.swift */ = {isa = PBXFileReference; lastKnownFileType = sourcecode.swift; name = vieauv3AudioUnit.swift; path = "Audio Unit/vieauv3AudioUnit.swift"; sourceTree = "<group>"; };
		34C0FDD428144A8E00DA10B1 /* vieauv3Parameters.swift */ = {isa = PBXFileReference; lastKnownFileType = sourcecode.swift; name = vieauv3Parameters.swift; path = "Audio Unit/vieauv3Parameters.swift"; sourceTree = "<group>"; };
		34C0FDD628144A8E00DA10B1 /* vieauv3-Bridging-Header.h */ = {isa = PBXFileReference; lastKnownFileType = sourcecode.c.h; path = "vieauv3-Bridging-Header.h"; sourceTree = "<group>"; };
		34C0FDD828144A8E00DA10B1 /* Base */ = {isa = PBXFileReference; lastKnownFileType = file.storyboard; name = Base; path = Base.lproj/MainInterface.storyboard; sourceTree = "<group>"; };
		34C0FDDA28144A8E00DA10B1 /* Info.plist */ = {isa = PBXFileReference; lastKnownFileType = text.plist.xml; path = Info.plist; sourceTree = "<group>"; };
		34C0FDDE28144A8E00DA10B1 /* vieauv3.entitlements */ = {isa = PBXFileReference; lastKnownFileType = text.plist.entitlements; path = vieauv3.entitlements; sourceTree = "<group>"; };
		34C354F82815A99200605131 /* view */ = {isa = PBXFileReference; lastKnownFileType = folder; name = view; path = ../../src/assets/view; sourceTree = "<group>"; };
/* End PBXFileReference section */

/* Begin PBXFrameworksBuildPhase section */
		34C0FD9D28144A6D00DA10B1 /* Frameworks */ = {
			isa = PBXFrameworksBuildPhase;
			buildActionMask = 2147483647;
			files = (
			);
			runOnlyForDeploymentPostprocessing = 0;
		};
		34C0FDB928144A8E00DA10B1 /* Frameworks */ = {
			isa = PBXFrameworksBuildPhase;
			buildActionMask = 2147483647;
			files = (
			);
			runOnlyForDeploymentPostprocessing = 0;
		};
/* End PBXFrameworksBuildPhase section */

/* Begin PBXGroup section */
		34C0FD9728144A6D00DA10B1 = {
			isa = PBXGroup;
			children = (
				34C354F82815A99200605131 /* view */,
				34C0FDA228144A6D00DA10B1 /* vie */,
				34C0FDBD28144A8E00DA10B1 /* vieauv3 */,
				34C0FDA128144A6D00DA10B1 /* Products */,
			);
			sourceTree = "<group>";
		};
		34C0FDA128144A6D00DA10B1 /* Products */ = {
			isa = PBXGroup;
			children = (
				34C0FDA028144A6D00DA10B1 /* vie.app */,
				34C0FDBC28144A8E00DA10B1 /* vieauv3.appex */,
			);
			name = Products;
			sourceTree = "<group>";
		};
		34C0FDA228144A6D00DA10B1 /* vie */ = {
			isa = PBXGroup;
			children = (
				34C0FDB728144A7400DA10B1 /* vie.entitlements */,
				34C0FDA328144A6D00DA10B1 /* AppDelegate.swift */,
				34C0FDA528144A6D00DA10B1 /* SceneDelegate.swift */,
				34C0FDA728144A6D00DA10B1 /* ViewController.swift */,
				34C0FDA928144A6D00DA10B1 /* Main.storyboard */,
				34C0FDAC28144A6F00DA10B1 /* Assets.xcassets */,
				34C0FDAE28144A6F00DA10B1 /* LaunchScreen.storyboard */,
				34C0FDB128144A6F00DA10B1 /* Info.plist */,
			);
			path = vie;
			sourceTree = "<group>";
		};
		34C0FDBD28144A8E00DA10B1 /* vieauv3 */ = {
			isa = PBXGroup;
			children = (
				34C0FDDE28144A8E00DA10B1 /* vieauv3.entitlements */,
				34C0FDD228144A8E00DA10B1 /* vieauv3AudioUnit.swift */,
				34C0FDD428144A8E00DA10B1 /* vieauv3Parameters.swift */,
				34C0FDD628144A8E00DA10B1 /* vieauv3-Bridging-Header.h */,
				34C0FDD728144A8E00DA10B1 /* MainInterface.storyboard */,
				34C0FDDA28144A8E00DA10B1 /* Info.plist */,
				34C0FDBE28144A8E00DA10B1 /* Audio Unit */,
				34C0FDC228144A8E00DA10B1 /* DSP */,
				34C0FDCF28144A8E00DA10B1 /* UI */,
			);
			path = vieauv3;
			sourceTree = "<group>";
		};
		34C0FDBE28144A8E00DA10B1 /* Audio Unit */ = {
			isa = PBXGroup;
			children = (
				34C0FDBF28144A8E00DA10B1 /* vieauv3AudioUnit.h */,
				34C0FDC028144A8E00DA10B1 /* vieauv3AudioUnit.m */,
			);
			path = "Audio Unit";
			sourceTree = "<group>";
		};
		34C0FDC228144A8E00DA10B1 /* DSP */ = {
			isa = PBXGroup;
			children = (
				34C0FDCB28144A8E00DA10B1 /* vieauv3DSPKernel.hpp */,
				34C0FDCD28144A8E00DA10B1 /* vieauv3DSPKernel.mm */,
				34C0FDC328144A8E00DA10B1 /* Helpers */,
			);
			path = DSP;
			sourceTree = "<group>";
		};
		34C0FDC328144A8E00DA10B1 /* Helpers */ = {
			isa = PBXGroup;
			children = (
				34C0FDC428144A8E00DA10B1 /* DSPKernel.hpp */,
				34C0FDC628144A8E00DA10B1 /* DSPKernel.mm */,
				34C0FDC828144A8E00DA10B1 /* BufferedAudioBus.hpp */,
				34C0FDCA28144A8E00DA10B1 /* vieauv3DSPKernelAdapter.h */,
			);
			path = Helpers;
			sourceTree = "<group>";
		};
		34C0FDCF28144A8E00DA10B1 /* UI */ = {
			isa = PBXGroup;
			children = (
				34C0FDD028144A8E00DA10B1 /* AudioUnitViewController.swift */,
			);
			path = UI;
			sourceTree = "<group>";
		};
/* End PBXGroup section */

/* Begin PBXNativeTarget section */
		34C0FD9F28144A6D00DA10B1 /* vie */ = {
			isa = PBXNativeTarget;
			buildConfigurationList = 34C0FDB428144A6F00DA10B1 /* Build configuration list for PBXNativeTarget "vie" */;
			buildPhases = (
				34C0FD9C28144A6D00DA10B1 /* Sources */,
				34C0FD9D28144A6D00DA10B1 /* Frameworks */,
				34C0FD9E28144A6D00DA10B1 /* Resources */,
				34C0FDE228144A8E00DA10B1 /* Embed App Extensions */,
			);
			buildRules = (
			);
			dependencies = (
				34C0FDDC28144A8E00DA10B1 /* PBXTargetDependency */,
			);
			name = vie;
			productName = vie;
			productReference = 34C0FDA028144A6D00DA10B1 /* vie.app */;
			productType = "com.apple.product-type.application";
		};
		34C0FDBB28144A8E00DA10B1 /* vieauv3 */ = {
			isa = PBXNativeTarget;
			buildConfigurationList = 34C0FDDF28144A8E00DA10B1 /* Build configuration list for PBXNativeTarget "vieauv3" */;
			buildPhases = (
				34C0FDB828144A8E00DA10B1 /* Sources */,
				34C0FDB928144A8E00DA10B1 /* Frameworks */,
				34C0FDBA28144A8E00DA10B1 /* Resources */,
			);
			buildRules = (
			);
			dependencies = (
			);
			name = vieauv3;
			productName = vieauv3;
			productReference = 34C0FDBC28144A8E00DA10B1 /* vieauv3.appex */;
			productType = "com.apple.product-type.app-extension";
		};
/* End PBXNativeTarget section */

/* Begin PBXProject section */
		34C0FD9828144A6D00DA10B1 /* Project object */ = {
			isa = PBXProject;
			attributes = {
				BuildIndependentTargetsInParallel = 1;
				LastSwiftUpdateCheck = 1330;
				LastUpgradeCheck = 1330;
				TargetAttributes = {
					34C0FD9F28144A6D00DA10B1 = {
						CreatedOnToolsVersion = 13.3.1;
					};
					34C0FDBB28144A8E00DA10B1 = {
						CreatedOnToolsVersion = 13.3.1;
					};
				};
			};
			buildConfigurationList = 34C0FD9B28144A6D00DA10B1 /* Build configuration list for PBXProject "Vie" */;
			compatibilityVersion = "Xcode 13.0";
			developmentRegion = en;
			hasScannedForEncodings = 0;
			knownRegions = (
				en,
				Base,
			);
			mainGroup = 34C0FD9728144A6D00DA10B1;
			productRefGroup = 34C0FDA128144A6D00DA10B1 /* Products */;
			projectDirPath = "";
			projectRoot = "";
			targets = (
				34C0FD9F28144A6D00DA10B1 /* vie */,
				34C0FDBB28144A8E00DA10B1 /* vieauv3 */,
			);
		};
/* End PBXProject section */

/* Begin PBXResourcesBuildPhase section */
		34C0FD9E28144A6D00DA10B1 /* Resources */ = {
			isa = PBXResourcesBuildPhase;
			buildActionMask = 2147483647;
			files = (
				34C354F92815A99200605131 /* view in Resources */,
				34C0FDB028144A6F00DA10B1 /* LaunchScreen.storyboard in Resources */,
				34C0FDAD28144A6F00DA10B1 /* Assets.xcassets in Resources */,
				34C0FDAB28144A6D00DA10B1 /* Main.storyboard in Resources */,
			);
			runOnlyForDeploymentPostprocessing = 0;
		};
		34C0FDBA28144A8E00DA10B1 /* Resources */ = {
			isa = PBXResourcesBuildPhase;
			buildActionMask = 2147483647;
			files = (
				34C0FDC528144A8E00DA10B1 /* DSPKernel.hpp in Resources */,
				34C354FA2815A99200605131 /* view in Resources */,
				34C0FDD928144A8E00DA10B1 /* MainInterface.storyboard in Resources */,
				34C0FDCC28144A8E00DA10B1 /* vieauv3DSPKernel.hpp in Resources */,
				34C0FDC928144A8E00DA10B1 /* BufferedAudioBus.hpp in Resources */,
			);
			runOnlyForDeploymentPostprocessing = 0;
		};
/* End PBXResourcesBuildPhase section */

/* Begin PBXSourcesBuildPhase section */
		34C0FD9C28144A6D00DA10B1 /* Sources */ = {
			isa = PBXSourcesBuildPhase;
			buildActionMask = 2147483647;
			files = (
				34C0FDA828144A6D00DA10B1 /* ViewController.swift in Sources */,
				34C0FDA428144A6D00DA10B1 /* AppDelegate.swift in Sources */,
				34C0FDA628144A6D00DA10B1 /* SceneDelegate.swift in Sources */,
			);
			runOnlyForDeploymentPostprocessing = 0;
		};
		34C0FDB828144A8E00DA10B1 /* Sources */ = {
			isa = PBXSourcesBuildPhase;
			buildActionMask = 2147483647;
			files = (
				34C0FDD328144A8E00DA10B1 /* vieauv3AudioUnit.swift in Sources */,
				34C0FDD528144A8E00DA10B1 /* vieauv3Parameters.swift in Sources */,
				34C0FDC728144A8E00DA10B1 /* DSPKernel.mm in Sources */,
				34C0FDD128144A8E00DA10B1 /* AudioUnitViewController.swift in Sources */,
				34C0FDC128144A8E00DA10B1 /* vieauv3AudioUnit.m in Sources */,
				34C0FDCE28144A8E00DA10B1 /* vieauv3DSPKernel.mm in Sources */,
			);
			runOnlyForDeploymentPostprocessing = 0;
		};
/* End PBXSourcesBuildPhase section */

/* Begin PBXTargetDependency section */
		34C0FDDC28144A8E00DA10B1 /* PBXTargetDependency */ = {
			isa = PBXTargetDependency;
			target = 34C0FDBB28144A8E00DA10B1 /* vieauv3 */;
			targetProxy = 34C0FDDB28144A8E00DA10B1 /* PBXContainerItemProxy */;
		};
/* End PBXTargetDependency section */

/* Begin PBXVariantGroup section */
		34C0FDA928144A6D00DA10B1 /* Main.storyboard */ = {
			isa = PBXVariantGroup;
			children = (
				34C0FDAA28144A6D00DA10B1 /* Base */,
			);
			name = Main.storyboard;
			sourceTree = "<group>";
		};
		34C0FDAE28144A6F00DA10B1 /* LaunchScreen.storyboard */ = {
			isa = PBXVariantGroup;
			children = (
				34C0FDAF28144A6F00DA10B1 /* Base */,
			);
			name = LaunchScreen.storyboard;
			sourceTree = "<group>";
		};
		34C0FDD728144A8E00DA10B1 /* MainInterface.storyboard */ = {
			isa = PBXVariantGroup;
			children = (
				34C0FDD828144A8E00DA10B1 /* Base */,
			);
			name = MainInterface.storyboard;
			sourceTree = "<group>";
		};
/* End PBXVariantGroup section */

/* Begin XCBuildConfiguration section */
		34C0FDB228144A6F00DA10B1 /* Debug */ = {
			isa = XCBuildConfiguration;
			buildSettings = {
				ALWAYS_SEARCH_USER_PATHS = NO;
				CLANG_ANALYZER_NONNULL = YES;
				CLANG_ANALYZER_NUMBER_OBJECT_CONVERSION = YES_AGGRESSIVE;
				CLANG_CXX_LANGUAGE_STANDARD = "gnu++17";
				CLANG_ENABLE_MODULES = YES;
				CLANG_ENABLE_OBJC_ARC = YES;
				CLANG_ENABLE_OBJC_WEAK = YES;
				CLANG_WARN_BLOCK_CAPTURE_AUTORELEASING = YES;
				CLANG_WARN_BOOL_CONVERSION = YES;
				CLANG_WARN_COMMA = YES;
				CLANG_WARN_CONSTANT_CONVERSION = YES;
				CLANG_WARN_DEPRECATED_OBJC_IMPLEMENTATIONS = YES;
				CLANG_WARN_DIRECT_OBJC_ISA_USAGE = YES_ERROR;
				CLANG_WARN_DOCUMENTATION_COMMENTS = YES;
				CLANG_WARN_EMPTY_BODY = YES;
				CLANG_WARN_ENUM_CONVERSION = YES;
				CLANG_WARN_INFINITE_RECURSION = YES;
				CLANG_WARN_INT_CONVERSION = YES;
				CLANG_WARN_NON_LITERAL_NULL_CONVERSION = YES;
				CLANG_WARN_OBJC_IMPLICIT_RETAIN_SELF = YES;
				CLANG_WARN_OBJC_LITERAL_CONVERSION = YES;
				CLANG_WARN_OBJC_ROOT_CLASS = YES_ERROR;
				CLANG_WARN_QUOTED_INCLUDE_IN_FRAMEWORK_HEADER = YES;
				CLANG_WARN_RANGE_LOOP_ANALYSIS = YES;
				CLANG_WARN_STRICT_PROTOTYPES = YES;
				CLANG_WARN_SUSPICIOUS_MOVE = YES;
				CLANG_WARN_UNGUARDED_AVAILABILITY = YES_AGGRESSIVE;
				CLANG_WARN_UNREACHABLE_CODE = YES;
				CLANG_WARN__DUPLICATE_METHOD_MATCH = YES;
				COPY_PHASE_STRIP = NO;
				DEBUG_INFORMATION_FORMAT = dwarf;
				ENABLE_STRICT_OBJC_MSGSEND = YES;
				ENABLE_TESTABILITY = YES;
				GCC_C_LANGUAGE_STANDARD = gnu11;
				GCC_DYNAMIC_NO_PIC = NO;
				GCC_NO_COMMON_BLOCKS = YES;
				GCC_OPTIMIZATION_LEVEL = 0;
				GCC_PREPROCESSOR_DEFINITIONS = (
					"DEBUG=1",
					"$(inherited)",
				);
				GCC_WARN_64_TO_32_BIT_CONVERSION = YES;
				GCC_WARN_ABOUT_RETURN_TYPE = YES_ERROR;
				GCC_WARN_UNDECLARED_SELECTOR = YES;
				GCC_WARN_UNINITIALIZED_AUTOS = YES_AGGRESSIVE;
				GCC_WARN_UNUSED_FUNCTION = YES;
				GCC_WARN_UNUSED_VARIABLE = YES;
				IPHONEOS_DEPLOYMENT_TARGET = 15.4;
				MTL_ENABLE_DEBUG_INFO = INCLUDE_SOURCE;
				MTL_FAST_MATH = YES;
				ONLY_ACTIVE_ARCH = YES;
				SDKROOT = iphoneos;
				SWIFT_ACTIVE_COMPILATION_CONDITIONS = DEBUG;
				SWIFT_OPTIMIZATION_LEVEL = "-Onone";
			};
			name = Debug;
		};
		34C0FDB328144A6F00DA10B1 /* Release */ = {
			isa = XCBuildConfiguration;
			buildSettings = {
				ALWAYS_SEARCH_USER_PATHS = NO;
				CLANG_ANALYZER_NONNULL = YES;
				CLANG_ANALYZER_NUMBER_OBJECT_CONVERSION = YES_AGGRESSIVE;
				CLANG_CXX_LANGUAGE_STANDARD = "gnu++17";
				CLANG_ENABLE_MODULES = YES;
				CLANG_ENABLE_OBJC_ARC = YES;
				CLANG_ENABLE_OBJC_WEAK = YES;
				CLANG_WARN_BLOCK_CAPTURE_AUTORELEASING = YES;
				CLANG_WARN_BOOL_CONVERSION = YES;
				CLANG_WARN_COMMA = YES;
				CLANG_WARN_CONSTANT_CONVERSION = YES;
				CLANG_WARN_DEPRECATED_OBJC_IMPLEMENTATIONS = YES;
				CLANG_WARN_DIRECT_OBJC_ISA_USAGE = YES_ERROR;
				CLANG_WARN_DOCUMENTATION_COMMENTS = YES;
				CLANG_WARN_EMPTY_BODY = YES;
				CLANG_WARN_ENUM_CONVERSION = YES;
				CLANG_WARN_INFINITE_RECURSION = YES;
				CLANG_WARN_INT_CONVERSION = YES;
				CLANG_WARN_NON_LITERAL_NULL_CONVERSION = YES;
				CLANG_WARN_OBJC_IMPLICIT_RETAIN_SELF = YES;
				CLANG_WARN_OBJC_LITERAL_CONVERSION = YES;
				CLANG_WARN_OBJC_ROOT_CLASS = YES_ERROR;
				CLANG_WARN_QUOTED_INCLUDE_IN_FRAMEWORK_HEADER = YES;
				CLANG_WARN_RANGE_LOOP_ANALYSIS = YES;
				CLANG_WARN_STRICT_PROTOTYPES = YES;
				CLANG_WARN_SUSPICIOUS_MOVE = YES;
				CLANG_WARN_UNGUARDED_AVAILABILITY = YES_AGGRESSIVE;
				CLANG_WARN_UNREACHABLE_CODE = YES;
				CLANG_WARN__DUPLICATE_METHOD_MATCH = YES;
				COPY_PHASE_STRIP = NO;
				DEBUG_INFORMATION_FORMAT = "dwarf-with-dsym";
				ENABLE_NS_ASSERTIONS = NO;
				ENABLE_STRICT_OBJC_MSGSEND = YES;
				GCC_C_LANGUAGE_STANDARD = gnu11;
				GCC_NO_COMMON_BLOCKS = YES;
				GCC_WARN_64_TO_32_BIT_CONVERSION = YES;
				GCC_WARN_ABOUT_RETURN_TYPE = YES_ERROR;
				GCC_WARN_UNDECLARED_SELECTOR = YES;
				GCC_WARN_UNINITIALIZED_AUTOS = YES_AGGRESSIVE;
				GCC_WARN_UNUSED_FUNCTION = YES;
				GCC_WARN_UNUSED_VARIABLE = YES;
				IPHONEOS_DEPLOYMENT_TARGET = 15.4;
				MTL_ENABLE_DEBUG_INFO = NO;
				MTL_FAST_MATH = YES;
				SDKROOT = iphoneos;
				SWIFT_COMPILATION_MODE = wholemodule;
				SWIFT_OPTIMIZATION_LEVEL = "-O";
				VALIDATE_PRODUCT = YES;
			};
			name = Release;
		};
		34C0FDB528144A6F00DA10B1 /* Debug */ = {
			isa = XCBuildConfiguration;
			buildSettings = {
				ALWAYS_EMBED_SWIFT_STANDARD_LIBRARIES = YES;
				ASSETCATALOG_COMPILER_APPICON_NAME = AppIcon;
				ASSETCATALOG_COMPILER_GLOBAL_ACCENT_COLOR_NAME = AccentColor;
				CODE_SIGN_ENTITLEMENTS = vie/vie.entitlements;
				CODE_SIGN_STYLE = Automatic;
				CURRENT_PROJECT_VERSION = 1;
				DEVELOPMENT_TEAM = 2W25PVZ57F;
				GENERATE_INFOPLIST_FILE = YES;
				INFOPLIST_FILE = vie/Info.plist;
				INFOPLIST_KEY_LSApplicationCategoryType = "public.app-category.music";
				INFOPLIST_KEY_UIApplicationSupportsIndirectInputEvents = YES;
				INFOPLIST_KEY_UILaunchStoryboardName = LaunchScreen;
				INFOPLIST_KEY_UIMainStoryboardFile = Main;
				INFOPLIST_KEY_UIStatusBarHidden = YES;
				INFOPLIST_KEY_UISupportedInterfaceOrientations_iPad = "UIInterfaceOrientationPortrait UIInterfaceOrientationPortraitUpsideDown UIInterfaceOrientationLandscapeLeft UIInterfaceOrientationLandscapeRight";
				INFOPLIST_KEY_UISupportedInterfaceOrientations_iPhone = "UIInterfaceOrientationPortrait UIInterfaceOrientationLandscapeLeft UIInterfaceOrientationLandscapeRight";
				LD_RUNPATH_SEARCH_PATHS = (
					"$(inherited)",
					"@executable_path/Frameworks",
				);
				MARKETING_VERSION = 1.0;
				PRODUCT_BUNDLE_IDENTIFIER = tritone.vie;
				PRODUCT_NAME = "$(TARGET_NAME)";
				SUPPORTS_MACCATALYST = YES;
				SWIFT_EMIT_LOC_STRINGS = YES;
				SWIFT_VERSION = 5.0;
				TARGETED_DEVICE_FAMILY = "1,2";
			};
			name = Debug;
		};
		34C0FDB628144A6F00DA10B1 /* Release */ = {
			isa = XCBuildConfiguration;
			buildSettings = {
				ALWAYS_EMBED_SWIFT_STANDARD_LIBRARIES = YES;
				ASSETCATALOG_COMPILER_APPICON_NAME = AppIcon;
				ASSETCATALOG_COMPILER_GLOBAL_ACCENT_COLOR_NAME = AccentColor;
				CODE_SIGN_ENTITLEMENTS = vie/vie.entitlements;
				CODE_SIGN_STYLE = Automatic;
				CURRENT_PROJECT_VERSION = 1;
				DEVELOPMENT_TEAM = 2W25PVZ57F;
				GENERATE_INFOPLIST_FILE = YES;
				INFOPLIST_FILE = vie/Info.plist;
				INFOPLIST_KEY_LSApplicationCategoryType = "public.app-category.music";
				INFOPLIST_KEY_UIApplicationSupportsIndirectInputEvents = YES;
				INFOPLIST_KEY_UILaunchStoryboardName = LaunchScreen;
				INFOPLIST_KEY_UIMainStoryboardFile = Main;
				INFOPLIST_KEY_UIStatusBarHidden = YES;
				INFOPLIST_KEY_UISupportedInterfaceOrientations_iPad = "UIInterfaceOrientationPortrait UIInterfaceOrientationPortraitUpsideDown UIInterfaceOrientationLandscapeLeft UIInterfaceOrientationLandscapeRight";
				INFOPLIST_KEY_UISupportedInterfaceOrientations_iPhone = "UIInterfaceOrientationPortrait UIInterfaceOrientationLandscapeLeft UIInterfaceOrientationLandscapeRight";
				LD_RUNPATH_SEARCH_PATHS = (
					"$(inherited)",
					"@executable_path/Frameworks",
				);
				MARKETING_VERSION = 1.0;
				PRODUCT_BUNDLE_IDENTIFIER = tritone.vie;
				PRODUCT_NAME = "$(TARGET_NAME)";
				SUPPORTS_MACCATALYST = YES;
				SWIFT_EMIT_LOC_STRINGS = YES;
				SWIFT_VERSION = 5.0;
				TARGETED_DEVICE_FAMILY = "1,2";
			};
			name = Release;
		};
		34C0FDE028144A8E00DA10B1 /* Debug */ = {
			isa = XCBuildConfiguration;
			buildSettings = {
				CODE_SIGN_ENTITLEMENTS = vieauv3/vieauv3.entitlements;
				CODE_SIGN_STYLE = Automatic;
				CURRENT_PROJECT_VERSION = 1;
				DEVELOPMENT_TEAM = 2W25PVZ57F;
				GENERATE_INFOPLIST_FILE = YES;
				INFOPLIST_FILE = vieauv3/Info.plist;
				INFOPLIST_KEY_CFBundleDisplayName = vieauv3;
				INFOPLIST_KEY_NSHumanReadableCopyright = "";
				LD_RUNPATH_SEARCH_PATHS = (
					"$(inherited)",
					"@executable_path/Frameworks",
					"@executable_path/../../Frameworks",
				);
				MARKETING_VERSION = 1.0;
				PRODUCT_BUNDLE_IDENTIFIER = tritone.vie.vieauv3;
				PRODUCT_NAME = "$(TARGET_NAME)";
				SKIP_INSTALL = YES;
				SUPPORTS_MACCATALYST = YES;
				SWIFT_EMIT_LOC_STRINGS = YES;
				SWIFT_OBJC_BRIDGING_HEADER = "vieauv3/vieauv3-Bridging-Header.h";
				SWIFT_VERSION = 5.0;
				TARGETED_DEVICE_FAMILY = "1,2";
			};
			name = Debug;
		};
		34C0FDE128144A8E00DA10B1 /* Release */ = {
			isa = XCBuildConfiguration;
			buildSettings = {
				CODE_SIGN_ENTITLEMENTS = vieauv3/vieauv3.entitlements;
				CODE_SIGN_STYLE = Automatic;
				CURRENT_PROJECT_VERSION = 1;
				DEVELOPMENT_TEAM = 2W25PVZ57F;
				GENERATE_INFOPLIST_FILE = YES;
				INFOPLIST_FILE = vieauv3/Info.plist;
				INFOPLIST_KEY_CFBundleDisplayName = vieauv3;
				INFOPLIST_KEY_NSHumanReadableCopyright = "";
				LD_RUNPATH_SEARCH_PATHS = (
					"$(inherited)",
					"@executable_path/Frameworks",
					"@executable_path/../../Frameworks",
				);
				MARKETING_VERSION = 1.0;
				PRODUCT_BUNDLE_IDENTIFIER = tritone.vie.vieauv3;
				PRODUCT_NAME = "$(TARGET_NAME)";
				SKIP_INSTALL = YES;
				SUPPORTS_MACCATALYST = YES;
				SWIFT_EMIT_LOC_STRINGS = YES;
				SWIFT_OBJC_BRIDGING_HEADER = "vieauv3/vieauv3-Bridging-Header.h";
				SWIFT_VERSION = 5.0;
				TARGETED_DEVICE_FAMILY = "1,2";
			};
			name = Release;
		};
/* End XCBuildConfiguration section */

/* Begin XCConfigurationList section */
		34C0FD9B28144A6D00DA10B1 /* Build configuration list for PBXProject "Vie" */ = {
			isa = XCConfigurationList;
			buildConfigurations = (
				34C0FDB228144A6F00DA10B1 /* Debug */,
				34C0FDB328144A6F00DA10B1 /* Release */,
			);
			defaultConfigurationIsVisible = 0;
			defaultConfigurationName = Release;
		};
		34C0FDB428144A6F00DA10B1 /* Build configuration list for PBXNativeTarget "vie" */ = {
			isa = XCConfigurationList;
			buildConfigurations = (
				34C0FDB528144A6F00DA10B1 /* Debug */,
				34C0FDB628144A6F00DA10B1 /* Release */,
			);
			defaultConfigurationIsVisible = 0;
			defaultConfigurationName = Release;
		};
		34C0FDDF28144A8E00DA10B1 /* Build configuration list for PBXNativeTarget "vieauv3" */ = {
			isa = XCConfigurationList;
			buildConfigurations = (
				34C0FDE028144A8E00DA10B1 /* Debug */,
				34C0FDE128144A8E00DA10B1 /* Release */,
			);
			defaultConfigurationIsVisible = 0;
			defaultConfigurationName = Release;
		};
/* End XCConfigurationList section */
	};
	rootObject = 34C0FD9828144A6D00DA10B1 /* Project object */;
}
