// !$*UTF8*$!
{
	archiveVersion = 1;
	classes = {
	};
	objectVersion = 55;
	objects = {

/* Begin PBXBuildFile section */
		CBFA8EEA27C7DAE70073A1DD /* VieApp.swift in Sources */ = {isa = PBXBuildFile; fileRef = CBFA8EDA27C7DAE50073A1DD /* VieApp.swift */; };
		CBFA8EEB27C7DAE70073A1DD /* VieApp.swift in Sources */ = {isa = PBXBuildFile; fileRef = CBFA8EDA27C7DAE50073A1DD /* VieApp.swift */; };
		CBFA8EEC27C7DAE70073A1DD /* ContentView.swift in Sources */ = {isa = PBXBuildFile; fileRef = CBFA8EDB27C7DAE50073A1DD /* ContentView.swift */; };
		CBFA8EED27C7DAE70073A1DD /* ContentView.swift in Sources */ = {isa = PBXBuildFile; fileRef = CBFA8EDB27C7DAE50073A1DD /* ContentView.swift */; };
		CBFA8EEE27C7DAE70073A1DD /* Assets.xcassets in Resources */ = {isa = PBXBuildFile; fileRef = CBFA8EDC27C7DAE60073A1DD /* Assets.xcassets */; };
		CBFA8EEF27C7DAE70073A1DD /* Assets.xcassets in Resources */ = {isa = PBXBuildFile; fileRef = CBFA8EDC27C7DAE60073A1DD /* Assets.xcassets */; };
		CBFA8F0127C7DB130073A1DD /* VieiOSAudioUnit.m in Sources */ = {isa = PBXBuildFile; fileRef = CBFA8F0027C7DB130073A1DD /* VieiOSAudioUnit.m */; };
		CBFA8F0527C7DB130073A1DD /* DSPKernel.hpp in Resources */ = {isa = PBXBuildFile; fileRef = CBFA8F0427C7DB130073A1DD /* DSPKernel.hpp */; };
		CBFA8F0727C7DB130073A1DD /* DSPKernel.mm in Sources */ = {isa = PBXBuildFile; fileRef = CBFA8F0627C7DB130073A1DD /* DSPKernel.mm */; };
		CBFA8F0927C7DB140073A1DD /* BufferedAudioBus.hpp in Resources */ = {isa = PBXBuildFile; fileRef = CBFA8F0827C7DB140073A1DD /* BufferedAudioBus.hpp */; };
		CBFA8F0C27C7DB140073A1DD /* VieiOSDSPKernel.hpp in Resources */ = {isa = PBXBuildFile; fileRef = CBFA8F0B27C7DB140073A1DD /* VieiOSDSPKernel.hpp */; };
		CBFA8F0E27C7DB140073A1DD /* VieiOSDSPKernel.mm in Sources */ = {isa = PBXBuildFile; fileRef = CBFA8F0D27C7DB140073A1DD /* VieiOSDSPKernel.mm */; };
		CBFA8F1127C7DB140073A1DD /* AudioUnitViewController.swift in Sources */ = {isa = PBXBuildFile; fileRef = CBFA8F1027C7DB140073A1DD /* AudioUnitViewController.swift */; };
		CBFA8F1327C7DB140073A1DD /* VieiOSAudioUnit.swift in Sources */ = {isa = PBXBuildFile; fileRef = CBFA8F1227C7DB140073A1DD /* VieiOSAudioUnit.swift */; };
		CBFA8F1527C7DB140073A1DD /* VieiOSParameters.swift in Sources */ = {isa = PBXBuildFile; fileRef = CBFA8F1427C7DB140073A1DD /* VieiOSParameters.swift */; };
		CBFA8F1927C7DB140073A1DD /* MainInterface.storyboard in Resources */ = {isa = PBXBuildFile; fileRef = CBFA8F1727C7DB140073A1DD /* MainInterface.storyboard */; };
		CBFA8F1D27C7DB140073A1DD /* VieiOS.appex in Embed App Extensions */ = {isa = PBXBuildFile; fileRef = CBFA8EFC27C7DB130073A1DD /* VieiOS.appex */; settings = {ATTRIBUTES = (RemoveHeadersOnCopy, ); }; };
		CBFA8F2B27C7DBA60073A1DD /* VieOSXAudioUnit.m in Sources */ = {isa = PBXBuildFile; fileRef = CBFA8F2A27C7DBA60073A1DD /* VieOSXAudioUnit.m */; };
		CBFA8F2F27C7DBA60073A1DD /* DSPKernel.hpp in Resources */ = {isa = PBXBuildFile; fileRef = CBFA8F2E27C7DBA60073A1DD /* DSPKernel.hpp */; };
		CBFA8F3127C7DBA60073A1DD /* DSPKernel.mm in Sources */ = {isa = PBXBuildFile; fileRef = CBFA8F3027C7DBA60073A1DD /* DSPKernel.mm */; };
		CBFA8F3327C7DBA60073A1DD /* BufferedAudioBus.hpp in Resources */ = {isa = PBXBuildFile; fileRef = CBFA8F3227C7DBA60073A1DD /* BufferedAudioBus.hpp */; };
		CBFA8F3627C7DBA60073A1DD /* VieOSXDSPKernel.hpp in Resources */ = {isa = PBXBuildFile; fileRef = CBFA8F3527C7DBA60073A1DD /* VieOSXDSPKernel.hpp */; };
		CBFA8F3827C7DBA60073A1DD /* VieOSXDSPKernel.mm in Sources */ = {isa = PBXBuildFile; fileRef = CBFA8F3727C7DBA60073A1DD /* VieOSXDSPKernel.mm */; };
		CBFA8F3B27C7DBA60073A1DD /* AudioUnitViewController.swift in Sources */ = {isa = PBXBuildFile; fileRef = CBFA8F3A27C7DBA60073A1DD /* AudioUnitViewController.swift */; };
		CBFA8F3F27C7DBA60073A1DD /* AudioUnitViewController.xib in Resources */ = {isa = PBXBuildFile; fileRef = CBFA8F3D27C7DBA60073A1DD /* AudioUnitViewController.xib */; };
		CBFA8F4427C7DBA60073A1DD /* VieOSX.appex in Embed App Extensions */ = {isa = PBXBuildFile; fileRef = CBFA8F2627C7DBA60073A1DD /* VieOSX.appex */; settings = {ATTRIBUTES = (RemoveHeadersOnCopy, ); }; };
/* End PBXBuildFile section */

/* Begin PBXContainerItemProxy section */
		CBFA8F1B27C7DB140073A1DD /* PBXContainerItemProxy */ = {
			isa = PBXContainerItemProxy;
			containerPortal = CBFA8ED527C7DAE50073A1DD /* Project object */;
			proxyType = 1;
			remoteGlobalIDString = CBFA8EFB27C7DB130073A1DD;
			remoteInfo = VieiOS;
		};
		CBFA8F4227C7DBA60073A1DD /* PBXContainerItemProxy */ = {
			isa = PBXContainerItemProxy;
			containerPortal = CBFA8ED527C7DAE50073A1DD /* Project object */;
			proxyType = 1;
			remoteGlobalIDString = CBFA8F2527C7DBA60073A1DD;
			remoteInfo = VieOSX;
		};
/* End PBXContainerItemProxy section */

/* Begin PBXCopyFilesBuildPhase section */
		CBFA8F2127C7DB140073A1DD /* Embed App Extensions */ = {
			isa = PBXCopyFilesBuildPhase;
			buildActionMask = 2147483647;
			dstPath = "";
			dstSubfolderSpec = 13;
			files = (
				CBFA8F1D27C7DB140073A1DD /* VieiOS.appex in Embed App Extensions */,
			);
			name = "Embed App Extensions";
			runOnlyForDeploymentPostprocessing = 0;
		};
		CBFA8F4827C7DBA60073A1DD /* Embed App Extensions */ = {
			isa = PBXCopyFilesBuildPhase;
			buildActionMask = 2147483647;
			dstPath = "";
			dstSubfolderSpec = 13;
			files = (
				CBFA8F4427C7DBA60073A1DD /* VieOSX.appex in Embed App Extensions */,
			);
			name = "Embed App Extensions";
			runOnlyForDeploymentPostprocessing = 0;
		};
/* End PBXCopyFilesBuildPhase section */

/* Begin PBXFileReference section */
		CBFA8EDA27C7DAE50073A1DD /* VieApp.swift */ = {isa = PBXFileReference; lastKnownFileType = sourcecode.swift; path = VieApp.swift; sourceTree = "<group>"; };
		CBFA8EDB27C7DAE50073A1DD /* ContentView.swift */ = {isa = PBXFileReference; lastKnownFileType = sourcecode.swift; path = ContentView.swift; sourceTree = "<group>"; };
		CBFA8EDC27C7DAE60073A1DD /* Assets.xcassets */ = {isa = PBXFileReference; lastKnownFileType = folder.assetcatalog; path = Assets.xcassets; sourceTree = "<group>"; };
		CBFA8EE127C7DAE60073A1DD /* Vie.app */ = {isa = PBXFileReference; explicitFileType = wrapper.application; includeInIndex = 0; path = Vie.app; sourceTree = BUILT_PRODUCTS_DIR; };
		CBFA8EE727C7DAE70073A1DD /* Vie.app */ = {isa = PBXFileReference; explicitFileType = wrapper.application; includeInIndex = 0; path = Vie.app; sourceTree = BUILT_PRODUCTS_DIR; };
		CBFA8EE927C7DAE70073A1DD /* macOS.entitlements */ = {isa = PBXFileReference; lastKnownFileType = text.plist.entitlements; path = macOS.entitlements; sourceTree = "<group>"; };
		CBFA8EFC27C7DB130073A1DD /* VieiOS.appex */ = {isa = PBXFileReference; explicitFileType = "wrapper.app-extension"; includeInIndex = 0; path = VieiOS.appex; sourceTree = BUILT_PRODUCTS_DIR; };
		CBFA8EFF27C7DB130073A1DD /* VieiOSAudioUnit.h */ = {isa = PBXFileReference; lastKnownFileType = sourcecode.c.h; path = VieiOSAudioUnit.h; sourceTree = "<group>"; };
		CBFA8F0027C7DB130073A1DD /* VieiOSAudioUnit.m */ = {isa = PBXFileReference; lastKnownFileType = sourcecode.c.objc; path = VieiOSAudioUnit.m; sourceTree = "<group>"; };
		CBFA8F0427C7DB130073A1DD /* DSPKernel.hpp */ = {isa = PBXFileReference; lastKnownFileType = sourcecode.cpp.h; path = DSPKernel.hpp; sourceTree = "<group>"; };
		CBFA8F0627C7DB130073A1DD /* DSPKernel.mm */ = {isa = PBXFileReference; lastKnownFileType = sourcecode.cpp.objcpp; path = DSPKernel.mm; sourceTree = "<group>"; };
		CBFA8F0827C7DB140073A1DD /* BufferedAudioBus.hpp */ = {isa = PBXFileReference; lastKnownFileType = sourcecode.cpp.h; path = BufferedAudioBus.hpp; sourceTree = "<group>"; };
		CBFA8F0A27C7DB140073A1DD /* VieiOSDSPKernelAdapter.h */ = {isa = PBXFileReference; lastKnownFileType = sourcecode.c.h; path = VieiOSDSPKernelAdapter.h; sourceTree = "<group>"; };
		CBFA8F0B27C7DB140073A1DD /* VieiOSDSPKernel.hpp */ = {isa = PBXFileReference; lastKnownFileType = sourcecode.cpp.h; path = VieiOSDSPKernel.hpp; sourceTree = "<group>"; };
		CBFA8F0D27C7DB140073A1DD /* VieiOSDSPKernel.mm */ = {isa = PBXFileReference; lastKnownFileType = sourcecode.cpp.objcpp; path = VieiOSDSPKernel.mm; sourceTree = "<group>"; };
		CBFA8F1027C7DB140073A1DD /* AudioUnitViewController.swift */ = {isa = PBXFileReference; lastKnownFileType = sourcecode.swift; path = AudioUnitViewController.swift; sourceTree = "<group>"; };
		CBFA8F1227C7DB140073A1DD /* VieiOSAudioUnit.swift */ = {isa = PBXFileReference; lastKnownFileType = sourcecode.swift; name = VieiOSAudioUnit.swift; path = "Audio Unit/VieiOSAudioUnit.swift"; sourceTree = "<group>"; };
		CBFA8F1427C7DB140073A1DD /* VieiOSParameters.swift */ = {isa = PBXFileReference; lastKnownFileType = sourcecode.swift; name = VieiOSParameters.swift; path = "Audio Unit/VieiOSParameters.swift"; sourceTree = "<group>"; };
		CBFA8F1627C7DB140073A1DD /* VieiOS-Bridging-Header.h */ = {isa = PBXFileReference; lastKnownFileType = sourcecode.c.h; path = "VieiOS-Bridging-Header.h"; sourceTree = "<group>"; };
		CBFA8F1827C7DB140073A1DD /* Base */ = {isa = PBXFileReference; lastKnownFileType = file.storyboard; name = Base; path = Base.lproj/MainInterface.storyboard; sourceTree = "<group>"; };
		CBFA8F1A27C7DB140073A1DD /* Info.plist */ = {isa = PBXFileReference; lastKnownFileType = text.plist.xml; path = Info.plist; sourceTree = "<group>"; };
		CBFA8F2627C7DBA60073A1DD /* VieOSX.appex */ = {isa = PBXFileReference; explicitFileType = "wrapper.app-extension"; includeInIndex = 0; path = VieOSX.appex; sourceTree = BUILT_PRODUCTS_DIR; };
		CBFA8F2927C7DBA60073A1DD /* VieOSXAudioUnit.h */ = {isa = PBXFileReference; lastKnownFileType = sourcecode.c.h; path = VieOSXAudioUnit.h; sourceTree = "<group>"; };
		CBFA8F2A27C7DBA60073A1DD /* VieOSXAudioUnit.m */ = {isa = PBXFileReference; lastKnownFileType = sourcecode.c.objc; path = VieOSXAudioUnit.m; sourceTree = "<group>"; };
		CBFA8F2E27C7DBA60073A1DD /* DSPKernel.hpp */ = {isa = PBXFileReference; lastKnownFileType = sourcecode.cpp.h; path = DSPKernel.hpp; sourceTree = "<group>"; };
		CBFA8F3027C7DBA60073A1DD /* DSPKernel.mm */ = {isa = PBXFileReference; lastKnownFileType = sourcecode.cpp.objcpp; path = DSPKernel.mm; sourceTree = "<group>"; };
		CBFA8F3227C7DBA60073A1DD /* BufferedAudioBus.hpp */ = {isa = PBXFileReference; lastKnownFileType = sourcecode.cpp.h; path = BufferedAudioBus.hpp; sourceTree = "<group>"; };
		CBFA8F3427C7DBA60073A1DD /* VieOSXDSPKernelAdapter.h */ = {isa = PBXFileReference; lastKnownFileType = sourcecode.c.h; path = VieOSXDSPKernelAdapter.h; sourceTree = "<group>"; };
		CBFA8F3527C7DBA60073A1DD /* VieOSXDSPKernel.hpp */ = {isa = PBXFileReference; lastKnownFileType = sourcecode.cpp.h; path = VieOSXDSPKernel.hpp; sourceTree = "<group>"; };
		CBFA8F3727C7DBA60073A1DD /* VieOSXDSPKernel.mm */ = {isa = PBXFileReference; lastKnownFileType = sourcecode.cpp.objcpp; path = VieOSXDSPKernel.mm; sourceTree = "<group>"; };
		CBFA8F3A27C7DBA60073A1DD /* AudioUnitViewController.swift */ = {isa = PBXFileReference; lastKnownFileType = sourcecode.swift; path = AudioUnitViewController.swift; sourceTree = "<group>"; };
		CBFA8F3C27C7DBA60073A1DD /* VieOSX-Bridging-Header.h */ = {isa = PBXFileReference; lastKnownFileType = sourcecode.c.h; path = "VieOSX-Bridging-Header.h"; sourceTree = "<group>"; };
		CBFA8F3E27C7DBA60073A1DD /* Base */ = {isa = PBXFileReference; lastKnownFileType = file.xib; name = Base; path = Base.lproj/AudioUnitViewController.xib; sourceTree = "<group>"; };
		CBFA8F4027C7DBA60073A1DD /* Info.plist */ = {isa = PBXFileReference; lastKnownFileType = text.plist.xml; path = Info.plist; sourceTree = "<group>"; };
		CBFA8F4127C7DBA60073A1DD /* VieOSX.entitlements */ = {isa = PBXFileReference; lastKnownFileType = text.plist.entitlements; name = VieOSX.entitlements; path = ../../../../Platforms/Apple/VieOSX/VieOSX.entitlements; sourceTree = "<group>"; };
/* End PBXFileReference section */

/* Begin PBXFrameworksBuildPhase section */
		CBFA8EDE27C7DAE60073A1DD /* Frameworks */ = {
			isa = PBXFrameworksBuildPhase;
			buildActionMask = 2147483647;
			files = (
			);
			runOnlyForDeploymentPostprocessing = 0;
		};
		CBFA8EE427C7DAE70073A1DD /* Frameworks */ = {
			isa = PBXFrameworksBuildPhase;
			buildActionMask = 2147483647;
			files = (
			);
			runOnlyForDeploymentPostprocessing = 0;
		};
		CBFA8EF927C7DB130073A1DD /* Frameworks */ = {
			isa = PBXFrameworksBuildPhase;
			buildActionMask = 2147483647;
			files = (
			);
			runOnlyForDeploymentPostprocessing = 0;
		};
		CBFA8F2327C7DBA60073A1DD /* Frameworks */ = {
			isa = PBXFrameworksBuildPhase;
			buildActionMask = 2147483647;
			files = (
			);
			runOnlyForDeploymentPostprocessing = 0;
		};
/* End PBXFrameworksBuildPhase section */

/* Begin PBXGroup section */
		CBFA8ED427C7DAE50073A1DD = {
			isa = PBXGroup;
			children = (
				CBFA8ED927C7DAE50073A1DD /* Shared */,
				CBFA8EE827C7DAE70073A1DD /* macOS */,
				CBFA8EFD27C7DB130073A1DD /* VieiOS */,
				CBFA8F2727C7DBA60073A1DD /* VieOSX */,
				CBFA8EE227C7DAE60073A1DD /* Products */,
			);
			sourceTree = "<group>";
		};
		CBFA8ED927C7DAE50073A1DD /* Shared */ = {
			isa = PBXGroup;
			children = (
				CBFA8EDA27C7DAE50073A1DD /* VieApp.swift */,
				CBFA8EDB27C7DAE50073A1DD /* ContentView.swift */,
				CBFA8EDC27C7DAE60073A1DD /* Assets.xcassets */,
			);
			name = Shared;
			path = ../../src/Platforms/apple/Shared;
			sourceTree = "<group>";
		};
		CBFA8EE227C7DAE60073A1DD /* Products */ = {
			isa = PBXGroup;
			children = (
				CBFA8EE127C7DAE60073A1DD /* Vie.app */,
				CBFA8EE727C7DAE70073A1DD /* Vie.app */,
				CBFA8EFC27C7DB130073A1DD /* VieiOS.appex */,
				CBFA8F2627C7DBA60073A1DD /* VieOSX.appex */,
			);
			name = Products;
			sourceTree = "<group>";
		};
		CBFA8EE827C7DAE70073A1DD /* macOS */ = {
			isa = PBXGroup;
			children = (
				CBFA8EE927C7DAE70073A1DD /* macOS.entitlements */,
			);
			path = macOS;
			sourceTree = "<group>";
		};
		CBFA8EFD27C7DB130073A1DD /* VieiOS */ = {
			isa = PBXGroup;
			children = (
				CBFA8F1227C7DB140073A1DD /* VieiOSAudioUnit.swift */,
				CBFA8F1427C7DB140073A1DD /* VieiOSParameters.swift */,
				CBFA8F1627C7DB140073A1DD /* VieiOS-Bridging-Header.h */,
				CBFA8F1727C7DB140073A1DD /* MainInterface.storyboard */,
				CBFA8F1A27C7DB140073A1DD /* Info.plist */,
				CBFA8EFE27C7DB130073A1DD /* Audio Unit */,
				CBFA8F0227C7DB130073A1DD /* DSP */,
				CBFA8F0F27C7DB140073A1DD /* UI */,
			);
			name = VieiOS;
			path = ../../src/Platforms/apple/VieiOS;
			sourceTree = "<group>";
		};
		CBFA8EFE27C7DB130073A1DD /* Audio Unit */ = {
			isa = PBXGroup;
			children = (
				CBFA8EFF27C7DB130073A1DD /* VieiOSAudioUnit.h */,
				CBFA8F0027C7DB130073A1DD /* VieiOSAudioUnit.m */,
			);
			path = "Audio Unit";
			sourceTree = "<group>";
		};
		CBFA8F0227C7DB130073A1DD /* DSP */ = {
			isa = PBXGroup;
			children = (
				CBFA8F0B27C7DB140073A1DD /* VieiOSDSPKernel.hpp */,
				CBFA8F0D27C7DB140073A1DD /* VieiOSDSPKernel.mm */,
				CBFA8F0327C7DB130073A1DD /* Helpers */,
			);
			path = DSP;
			sourceTree = "<group>";
		};
		CBFA8F0327C7DB130073A1DD /* Helpers */ = {
			isa = PBXGroup;
			children = (
				CBFA8F0427C7DB130073A1DD /* DSPKernel.hpp */,
				CBFA8F0627C7DB130073A1DD /* DSPKernel.mm */,
				CBFA8F0827C7DB140073A1DD /* BufferedAudioBus.hpp */,
				CBFA8F0A27C7DB140073A1DD /* VieiOSDSPKernelAdapter.h */,
			);
			path = Helpers;
			sourceTree = "<group>";
		};
		CBFA8F0F27C7DB140073A1DD /* UI */ = {
			isa = PBXGroup;
			children = (
				CBFA8F1027C7DB140073A1DD /* AudioUnitViewController.swift */,
			);
			path = UI;
			sourceTree = "<group>";
		};
		CBFA8F2727C7DBA60073A1DD /* VieOSX */ = {
			isa = PBXGroup;
			children = (
				CBFA8F3C27C7DBA60073A1DD /* VieOSX-Bridging-Header.h */,
				CBFA8F3D27C7DBA60073A1DD /* AudioUnitViewController.xib */,
				CBFA8F4027C7DBA60073A1DD /* Info.plist */,
				CBFA8F4127C7DBA60073A1DD /* VieOSX.entitlements */,
				CBFA8F2827C7DBA60073A1DD /* Audio Unit */,
				CBFA8F2C27C7DBA60073A1DD /* DSP */,
				CBFA8F3927C7DBA60073A1DD /* UI */,
			);
			name = VieOSX;
			path = ../../src/Platforms/apple/VieOSX;
			sourceTree = "<group>";
		};
		CBFA8F2827C7DBA60073A1DD /* Audio Unit */ = {
			isa = PBXGroup;
			children = (
				CBFA8F2927C7DBA60073A1DD /* VieOSXAudioUnit.h */,
				CBFA8F2A27C7DBA60073A1DD /* VieOSXAudioUnit.m */,
			);
			path = "Audio Unit";
			sourceTree = "<group>";
		};
		CBFA8F2C27C7DBA60073A1DD /* DSP */ = {
			isa = PBXGroup;
			children = (
				CBFA8F3527C7DBA60073A1DD /* VieOSXDSPKernel.hpp */,
				CBFA8F3727C7DBA60073A1DD /* VieOSXDSPKernel.mm */,
				CBFA8F2D27C7DBA60073A1DD /* Helpers */,
			);
			path = DSP;
			sourceTree = "<group>";
		};
		CBFA8F2D27C7DBA60073A1DD /* Helpers */ = {
			isa = PBXGroup;
			children = (
				CBFA8F2E27C7DBA60073A1DD /* DSPKernel.hpp */,
				CBFA8F3027C7DBA60073A1DD /* DSPKernel.mm */,
				CBFA8F3227C7DBA60073A1DD /* BufferedAudioBus.hpp */,
				CBFA8F3427C7DBA60073A1DD /* VieOSXDSPKernelAdapter.h */,
			);
			path = Helpers;
			sourceTree = "<group>";
		};
		CBFA8F3927C7DBA60073A1DD /* UI */ = {
			isa = PBXGroup;
			children = (
				CBFA8F3A27C7DBA60073A1DD /* AudioUnitViewController.swift */,
			);
			path = UI;
			sourceTree = "<group>";
		};
/* End PBXGroup section */

/* Begin PBXNativeTarget section */
		CBFA8EE027C7DAE60073A1DD /* Vie (iOS) */ = {
			isa = PBXNativeTarget;
			buildConfigurationList = CBFA8EF227C7DAE70073A1DD /* Build configuration list for PBXNativeTarget "Vie (iOS)" */;
			buildPhases = (
				CBFA8EDD27C7DAE60073A1DD /* Sources */,
				CBFA8EDE27C7DAE60073A1DD /* Frameworks */,
				CBFA8EDF27C7DAE60073A1DD /* Resources */,
				CBFA8F2127C7DB140073A1DD /* Embed App Extensions */,
			);
			buildRules = (
			);
			dependencies = (
				CBFA8F1C27C7DB140073A1DD /* PBXTargetDependency */,
			);
			name = "Vie (iOS)";
			productName = "Vie (iOS)";
			productReference = CBFA8EE127C7DAE60073A1DD /* Vie.app */;
			productType = "com.apple.product-type.application";
		};
		CBFA8EE627C7DAE70073A1DD /* Vie (macOS) */ = {
			isa = PBXNativeTarget;
			buildConfigurationList = CBFA8EF527C7DAE70073A1DD /* Build configuration list for PBXNativeTarget "Vie (macOS)" */;
			buildPhases = (
				CBFA8EE327C7DAE70073A1DD /* Sources */,
				CBFA8EE427C7DAE70073A1DD /* Frameworks */,
				CBFA8EE527C7DAE70073A1DD /* Resources */,
				CBFA8F4827C7DBA60073A1DD /* Embed App Extensions */,
			);
			buildRules = (
			);
			dependencies = (
				CBFA8F4327C7DBA60073A1DD /* PBXTargetDependency */,
			);
			name = "Vie (macOS)";
			productName = "Vie (macOS)";
			productReference = CBFA8EE727C7DAE70073A1DD /* Vie.app */;
			productType = "com.apple.product-type.application";
		};
		CBFA8EFB27C7DB130073A1DD /* VieiOS */ = {
			isa = PBXNativeTarget;
			buildConfigurationList = CBFA8F1E27C7DB140073A1DD /* Build configuration list for PBXNativeTarget "VieiOS" */;
			buildPhases = (
				CBFA8EF827C7DB130073A1DD /* Sources */,
				CBFA8EF927C7DB130073A1DD /* Frameworks */,
				CBFA8EFA27C7DB130073A1DD /* Resources */,
			);
			buildRules = (
			);
			dependencies = (
			);
			name = VieiOS;
			productName = VieiOS;
			productReference = CBFA8EFC27C7DB130073A1DD /* VieiOS.appex */;
			productType = "com.apple.product-type.app-extension";
		};
		CBFA8F2527C7DBA60073A1DD /* VieOSX */ = {
			isa = PBXNativeTarget;
			buildConfigurationList = CBFA8F4527C7DBA60073A1DD /* Build configuration list for PBXNativeTarget "VieOSX" */;
			buildPhases = (
				CBFA8F2227C7DBA60073A1DD /* Sources */,
				CBFA8F2327C7DBA60073A1DD /* Frameworks */,
				CBFA8F2427C7DBA60073A1DD /* Resources */,
			);
			buildRules = (
			);
			dependencies = (
			);
			name = VieOSX;
			productName = VieOSX;
			productReference = CBFA8F2627C7DBA60073A1DD /* VieOSX.appex */;
			productType = "com.apple.product-type.app-extension";
		};
/* End PBXNativeTarget section */

/* Begin PBXProject section */
		CBFA8ED527C7DAE50073A1DD /* Project object */ = {
			isa = PBXProject;
			attributes = {
				BuildIndependentTargetsInParallel = 1;
				LastSwiftUpdateCheck = 1320;
				LastUpgradeCheck = 1320;
				TargetAttributes = {
					CBFA8EE027C7DAE60073A1DD = {
						CreatedOnToolsVersion = 13.2.1;
					};
					CBFA8EE627C7DAE70073A1DD = {
						CreatedOnToolsVersion = 13.2.1;
					};
					CBFA8EFB27C7DB130073A1DD = {
						CreatedOnToolsVersion = 13.2.1;
					};
					CBFA8F2527C7DBA60073A1DD = {
						CreatedOnToolsVersion = 13.2.1;
					};
				};
			};
			buildConfigurationList = CBFA8ED827C7DAE50073A1DD /* Build configuration list for PBXProject "Vie" */;
			compatibilityVersion = "Xcode 13.0";
			developmentRegion = en;
			hasScannedForEncodings = 0;
			knownRegions = (
				en,
				Base,
			);
			mainGroup = CBFA8ED427C7DAE50073A1DD;
			productRefGroup = CBFA8EE227C7DAE60073A1DD /* Products */;
			projectDirPath = "";
			projectRoot = "";
			targets = (
				CBFA8EE027C7DAE60073A1DD /* Vie (iOS) */,
				CBFA8EE627C7DAE70073A1DD /* Vie (macOS) */,
				CBFA8EFB27C7DB130073A1DD /* VieiOS */,
				CBFA8F2527C7DBA60073A1DD /* VieOSX */,
			);
		};
/* End PBXProject section */

/* Begin PBXResourcesBuildPhase section */
		CBFA8EDF27C7DAE60073A1DD /* Resources */ = {
			isa = PBXResourcesBuildPhase;
			buildActionMask = 2147483647;
			files = (
				CBFA8EEE27C7DAE70073A1DD /* Assets.xcassets in Resources */,
			);
			runOnlyForDeploymentPostprocessing = 0;
		};
		CBFA8EE527C7DAE70073A1DD /* Resources */ = {
			isa = PBXResourcesBuildPhase;
			buildActionMask = 2147483647;
			files = (
				CBFA8EEF27C7DAE70073A1DD /* Assets.xcassets in Resources */,
			);
			runOnlyForDeploymentPostprocessing = 0;
		};
		CBFA8EFA27C7DB130073A1DD /* Resources */ = {
			isa = PBXResourcesBuildPhase;
			buildActionMask = 2147483647;
			files = (
				CBFA8F0527C7DB130073A1DD /* DSPKernel.hpp in Resources */,
				CBFA8F1927C7DB140073A1DD /* MainInterface.storyboard in Resources */,
				CBFA8F0C27C7DB140073A1DD /* VieiOSDSPKernel.hpp in Resources */,
				CBFA8F0927C7DB140073A1DD /* BufferedAudioBus.hpp in Resources */,
			);
			runOnlyForDeploymentPostprocessing = 0;
		};
		CBFA8F2427C7DBA60073A1DD /* Resources */ = {
			isa = PBXResourcesBuildPhase;
			buildActionMask = 2147483647;
			files = (
				CBFA8F2F27C7DBA60073A1DD /* DSPKernel.hpp in Resources */,
				CBFA8F3F27C7DBA60073A1DD /* AudioUnitViewController.xib in Resources */,
				CBFA8F3327C7DBA60073A1DD /* BufferedAudioBus.hpp in Resources */,
				CBFA8F3627C7DBA60073A1DD /* VieOSXDSPKernel.hpp in Resources */,
			);
			runOnlyForDeploymentPostprocessing = 0;
		};
/* End PBXResourcesBuildPhase section */

/* Begin PBXSourcesBuildPhase section */
		CBFA8EDD27C7DAE60073A1DD /* Sources */ = {
			isa = PBXSourcesBuildPhase;
			buildActionMask = 2147483647;
			files = (
				CBFA8EEC27C7DAE70073A1DD /* ContentView.swift in Sources */,
				CBFA8EEA27C7DAE70073A1DD /* VieApp.swift in Sources */,
			);
			runOnlyForDeploymentPostprocessing = 0;
		};
		CBFA8EE327C7DAE70073A1DD /* Sources */ = {
			isa = PBXSourcesBuildPhase;
			buildActionMask = 2147483647;
			files = (
				CBFA8EED27C7DAE70073A1DD /* ContentView.swift in Sources */,
				CBFA8EEB27C7DAE70073A1DD /* VieApp.swift in Sources */,
			);
			runOnlyForDeploymentPostprocessing = 0;
		};
		CBFA8EF827C7DB130073A1DD /* Sources */ = {
			isa = PBXSourcesBuildPhase;
			buildActionMask = 2147483647;
			files = (
				CBFA8F0727C7DB130073A1DD /* DSPKernel.mm in Sources */,
				CBFA8F1327C7DB140073A1DD /* VieiOSAudioUnit.swift in Sources */,
				CBFA8F1527C7DB140073A1DD /* VieiOSParameters.swift in Sources */,
				CBFA8F1127C7DB140073A1DD /* AudioUnitViewController.swift in Sources */,
				CBFA8F0127C7DB130073A1DD /* VieiOSAudioUnit.m in Sources */,
				CBFA8F0E27C7DB140073A1DD /* VieiOSDSPKernel.mm in Sources */,
			);
			runOnlyForDeploymentPostprocessing = 0;
		};
		CBFA8F2227C7DBA60073A1DD /* Sources */ = {
			isa = PBXSourcesBuildPhase;
			buildActionMask = 2147483647;
			files = (
				CBFA8F3127C7DBA60073A1DD /* DSPKernel.mm in Sources */,
				CBFA8F3B27C7DBA60073A1DD /* AudioUnitViewController.swift in Sources */,
				CBFA8F3827C7DBA60073A1DD /* VieOSXDSPKernel.mm in Sources */,
				CBFA8F2B27C7DBA60073A1DD /* VieOSXAudioUnit.m in Sources */,
			);
			runOnlyForDeploymentPostprocessing = 0;
		};
/* End PBXSourcesBuildPhase section */

/* Begin PBXTargetDependency section */
		CBFA8F1C27C7DB140073A1DD /* PBXTargetDependency */ = {
			isa = PBXTargetDependency;
			target = CBFA8EFB27C7DB130073A1DD /* VieiOS */;
			targetProxy = CBFA8F1B27C7DB140073A1DD /* PBXContainerItemProxy */;
		};
		CBFA8F4327C7DBA60073A1DD /* PBXTargetDependency */ = {
			isa = PBXTargetDependency;
			target = CBFA8F2527C7DBA60073A1DD /* VieOSX */;
			targetProxy = CBFA8F4227C7DBA60073A1DD /* PBXContainerItemProxy */;
		};
/* End PBXTargetDependency section */

/* Begin PBXVariantGroup section */
		CBFA8F1727C7DB140073A1DD /* MainInterface.storyboard */ = {
			isa = PBXVariantGroup;
			children = (
				CBFA8F1827C7DB140073A1DD /* Base */,
			);
			name = MainInterface.storyboard;
			sourceTree = "<group>";
		};
		CBFA8F3D27C7DBA60073A1DD /* AudioUnitViewController.xib */ = {
			isa = PBXVariantGroup;
			children = (
				CBFA8F3E27C7DBA60073A1DD /* Base */,
			);
			name = AudioUnitViewController.xib;
			sourceTree = "<group>";
		};
/* End PBXVariantGroup section */

/* Begin XCBuildConfiguration section */
		CBFA8EF027C7DAE70073A1DD /* Debug */ = {
			isa = XCBuildConfiguration;
			buildSettings = {
				ALWAYS_SEARCH_USER_PATHS = NO;
				CLANG_ANALYZER_NONNULL = YES;
				CLANG_ANALYZER_NUMBER_OBJECT_CONVERSION = YES_AGGRESSIVE;
				CLANG_CXX_LANGUAGE_STANDARD = "gnu++17";
				CLANG_CXX_LIBRARY = "libc++";
				CLANG_ENABLE_MODULES = YES;
				CLANG_ENABLE_OBJC_ARC = YES;
				CLANG_ENABLE_OBJC_WEAK = YES;
				CLANG_WARN_BLOCK_CAPTURE_AUTORELEASING = YES;
				CLANG_WARN_BOOL_CONVERSION = YES;
				CLANG_WARN_COMMA = YES;
				CLANG_WARN_CONSTANT_CONVERSION = YES;
				CLANG_WARN_DEPRECATED_OBJC_IMPLEMENTATIONS = YES;
				CLANG_WARN_DIRECT_OBJC_ISA_USAGE = YES_ERROR;
				CLANG_WARN_DOCUMENTATION_COMMENTS = YES;
				CLANG_WARN_EMPTY_BODY = YES;
				CLANG_WARN_ENUM_CONVERSION = YES;
				CLANG_WARN_INFINITE_RECURSION = YES;
				CLANG_WARN_INT_CONVERSION = YES;
				CLANG_WARN_NON_LITERAL_NULL_CONVERSION = YES;
				CLANG_WARN_OBJC_IMPLICIT_RETAIN_SELF = YES;
				CLANG_WARN_OBJC_LITERAL_CONVERSION = YES;
				CLANG_WARN_OBJC_ROOT_CLASS = YES_ERROR;
				CLANG_WARN_QUOTED_INCLUDE_IN_FRAMEWORK_HEADER = YES;
				CLANG_WARN_RANGE_LOOP_ANALYSIS = YES;
				CLANG_WARN_STRICT_PROTOTYPES = YES;
				CLANG_WARN_SUSPICIOUS_MOVE = YES;
				CLANG_WARN_UNGUARDED_AVAILABILITY = YES_AGGRESSIVE;
				CLANG_WARN_UNREACHABLE_CODE = YES;
				CLANG_WARN__DUPLICATE_METHOD_MATCH = YES;
				COPY_PHASE_STRIP = NO;
				DEBUG_INFORMATION_FORMAT = dwarf;
				ENABLE_STRICT_OBJC_MSGSEND = YES;
				ENABLE_TESTABILITY = YES;
				GCC_C_LANGUAGE_STANDARD = gnu11;
				GCC_DYNAMIC_NO_PIC = NO;
				GCC_NO_COMMON_BLOCKS = YES;
				GCC_OPTIMIZATION_LEVEL = 0;
				GCC_PREPROCESSOR_DEFINITIONS = (
					"DEBUG=1",
					"$(inherited)",
				);
				GCC_WARN_64_TO_32_BIT_CONVERSION = YES;
				GCC_WARN_ABOUT_RETURN_TYPE = YES_ERROR;
				GCC_WARN_UNDECLARED_SELECTOR = YES;
				GCC_WARN_UNINITIALIZED_AUTOS = YES_AGGRESSIVE;
				GCC_WARN_UNUSED_FUNCTION = YES;
				GCC_WARN_UNUSED_VARIABLE = YES;
				MTL_ENABLE_DEBUG_INFO = INCLUDE_SOURCE;
				MTL_FAST_MATH = YES;
				ONLY_ACTIVE_ARCH = YES;
				SWIFT_ACTIVE_COMPILATION_CONDITIONS = DEBUG;
				SWIFT_OPTIMIZATION_LEVEL = "-Onone";
			};
			name = Debug;
		};
		CBFA8EF127C7DAE70073A1DD /* Release */ = {
			isa = XCBuildConfiguration;
			buildSettings = {
				ALWAYS_SEARCH_USER_PATHS = NO;
				CLANG_ANALYZER_NONNULL = YES;
				CLANG_ANALYZER_NUMBER_OBJECT_CONVERSION = YES_AGGRESSIVE;
				CLANG_CXX_LANGUAGE_STANDARD = "gnu++17";
				CLANG_CXX_LIBRARY = "libc++";
				CLANG_ENABLE_MODULES = YES;
				CLANG_ENABLE_OBJC_ARC = YES;
				CLANG_ENABLE_OBJC_WEAK = YES;
				CLANG_WARN_BLOCK_CAPTURE_AUTORELEASING = YES;
				CLANG_WARN_BOOL_CONVERSION = YES;
				CLANG_WARN_COMMA = YES;
				CLANG_WARN_CONSTANT_CONVERSION = YES;
				CLANG_WARN_DEPRECATED_OBJC_IMPLEMENTATIONS = YES;
				CLANG_WARN_DIRECT_OBJC_ISA_USAGE = YES_ERROR;
				CLANG_WARN_DOCUMENTATION_COMMENTS = YES;
				CLANG_WARN_EMPTY_BODY = YES;
				CLANG_WARN_ENUM_CONVERSION = YES;
				CLANG_WARN_INFINITE_RECURSION = YES;
				CLANG_WARN_INT_CONVERSION = YES;
				CLANG_WARN_NON_LITERAL_NULL_CONVERSION = YES;
				CLANG_WARN_OBJC_IMPLICIT_RETAIN_SELF = YES;
				CLANG_WARN_OBJC_LITERAL_CONVERSION = YES;
				CLANG_WARN_OBJC_ROOT_CLASS = YES_ERROR;
				CLANG_WARN_QUOTED_INCLUDE_IN_FRAMEWORK_HEADER = YES;
				CLANG_WARN_RANGE_LOOP_ANALYSIS = YES;
				CLANG_WARN_STRICT_PROTOTYPES = YES;
				CLANG_WARN_SUSPICIOUS_MOVE = YES;
				CLANG_WARN_UNGUARDED_AVAILABILITY = YES_AGGRESSIVE;
				CLANG_WARN_UNREACHABLE_CODE = YES;
				CLANG_WARN__DUPLICATE_METHOD_MATCH = YES;
				COPY_PHASE_STRIP = NO;
				DEBUG_INFORMATION_FORMAT = "dwarf-with-dsym";
				ENABLE_NS_ASSERTIONS = NO;
				ENABLE_STRICT_OBJC_MSGSEND = YES;
				GCC_C_LANGUAGE_STANDARD = gnu11;
				GCC_NO_COMMON_BLOCKS = YES;
				GCC_WARN_64_TO_32_BIT_CONVERSION = YES;
				GCC_WARN_ABOUT_RETURN_TYPE = YES_ERROR;
				GCC_WARN_UNDECLARED_SELECTOR = YES;
				GCC_WARN_UNINITIALIZED_AUTOS = YES_AGGRESSIVE;
				GCC_WARN_UNUSED_FUNCTION = YES;
				GCC_WARN_UNUSED_VARIABLE = YES;
				MTL_ENABLE_DEBUG_INFO = NO;
				MTL_FAST_MATH = YES;
				SWIFT_COMPILATION_MODE = wholemodule;
				SWIFT_OPTIMIZATION_LEVEL = "-O";
			};
			name = Release;
		};
		CBFA8EF327C7DAE70073A1DD /* Debug */ = {
			isa = XCBuildConfiguration;
			buildSettings = {
				ALWAYS_EMBED_SWIFT_STANDARD_LIBRARIES = YES;
				ASSETCATALOG_COMPILER_APPICON_NAME = AppIcon;
				ASSETCATALOG_COMPILER_GLOBAL_ACCENT_COLOR_NAME = AccentColor;
				CODE_SIGN_STYLE = Automatic;
				CURRENT_PROJECT_VERSION = 1;
				DEVELOPMENT_TEAM = 2W25PVZ57F;
				ENABLE_PREVIEWS = YES;
				GENERATE_INFOPLIST_FILE = YES;
				INFOPLIST_KEY_UIApplicationSceneManifest_Generation = YES;
				INFOPLIST_KEY_UIApplicationSupportsIndirectInputEvents = YES;
				INFOPLIST_KEY_UILaunchScreen_Generation = YES;
				INFOPLIST_KEY_UISupportedInterfaceOrientations_iPad = "UIInterfaceOrientationPortrait UIInterfaceOrientationPortraitUpsideDown UIInterfaceOrientationLandscapeLeft UIInterfaceOrientationLandscapeRight";
				INFOPLIST_KEY_UISupportedInterfaceOrientations_iPhone = "UIInterfaceOrientationPortrait UIInterfaceOrientationLandscapeLeft UIInterfaceOrientationLandscapeRight";
				IPHONEOS_DEPLOYMENT_TARGET = 15.2;
				LD_RUNPATH_SEARCH_PATHS = (
					"$(inherited)",
					"@executable_path/Frameworks",
				);
				MARKETING_VERSION = 1.0;
				PRODUCT_BUNDLE_IDENTIFIER = atome.Vie;
				PRODUCT_NAME = Vie;
				SDKROOT = iphoneos;
				SWIFT_EMIT_LOC_STRINGS = YES;
				SWIFT_VERSION = 5.0;
				TARGETED_DEVICE_FAMILY = "1,2";
			};
			name = Debug;
		};
		CBFA8EF427C7DAE70073A1DD /* Release */ = {
			isa = XCBuildConfiguration;
			buildSettings = {
				ALWAYS_EMBED_SWIFT_STANDARD_LIBRARIES = YES;
				ASSETCATALOG_COMPILER_APPICON_NAME = AppIcon;
				ASSETCATALOG_COMPILER_GLOBAL_ACCENT_COLOR_NAME = AccentColor;
				CODE_SIGN_STYLE = Automatic;
				CURRENT_PROJECT_VERSION = 1;
				DEVELOPMENT_TEAM = 2W25PVZ57F;
				ENABLE_PREVIEWS = YES;
				GENERATE_INFOPLIST_FILE = YES;
				INFOPLIST_KEY_UIApplicationSceneManifest_Generation = YES;
				INFOPLIST_KEY_UIApplicationSupportsIndirectInputEvents = YES;
				INFOPLIST_KEY_UILaunchScreen_Generation = YES;
				INFOPLIST_KEY_UISupportedInterfaceOrientations_iPad = "UIInterfaceOrientationPortrait UIInterfaceOrientationPortraitUpsideDown UIInterfaceOrientationLandscapeLeft UIInterfaceOrientationLandscapeRight";
				INFOPLIST_KEY_UISupportedInterfaceOrientations_iPhone = "UIInterfaceOrientationPortrait UIInterfaceOrientationLandscapeLeft UIInterfaceOrientationLandscapeRight";
				IPHONEOS_DEPLOYMENT_TARGET = 15.2;
				LD_RUNPATH_SEARCH_PATHS = (
					"$(inherited)",
					"@executable_path/Frameworks",
				);
				MARKETING_VERSION = 1.0;
				PRODUCT_BUNDLE_IDENTIFIER = atome.Vie;
				PRODUCT_NAME = Vie;
				SDKROOT = iphoneos;
				SWIFT_EMIT_LOC_STRINGS = YES;
				SWIFT_VERSION = 5.0;
				TARGETED_DEVICE_FAMILY = "1,2";
				VALIDATE_PRODUCT = YES;
			};
			name = Release;
		};
		CBFA8EF627C7DAE70073A1DD /* Debug */ = {
			isa = XCBuildConfiguration;
			buildSettings = {
				ALWAYS_EMBED_SWIFT_STANDARD_LIBRARIES = YES;
				ASSETCATALOG_COMPILER_APPICON_NAME = AppIcon;
				ASSETCATALOG_COMPILER_GLOBAL_ACCENT_COLOR_NAME = AccentColor;
				CODE_SIGN_ENTITLEMENTS = macOS/macOS.entitlements;
				CODE_SIGN_STYLE = Automatic;
				COMBINE_HIDPI_IMAGES = YES;
				CURRENT_PROJECT_VERSION = 1;
				DEVELOPMENT_TEAM = 2W25PVZ57F;
				ENABLE_HARDENED_RUNTIME = YES;
				ENABLE_PREVIEWS = YES;
				GENERATE_INFOPLIST_FILE = YES;
				INFOPLIST_KEY_NSHumanReadableCopyright = "";
				LD_RUNPATH_SEARCH_PATHS = (
					"$(inherited)",
					"@executable_path/../Frameworks",
				);
				MACOSX_DEPLOYMENT_TARGET = 12.1;
				MARKETING_VERSION = 1.0;
				PRODUCT_BUNDLE_IDENTIFIER = atome.Vie;
				PRODUCT_NAME = Vie;
				SDKROOT = macosx;
				SWIFT_EMIT_LOC_STRINGS = YES;
				SWIFT_VERSION = 5.0;
			};
			name = Debug;
		};
		CBFA8EF727C7DAE70073A1DD /* Release */ = {
			isa = XCBuildConfiguration;
			buildSettings = {
				ALWAYS_EMBED_SWIFT_STANDARD_LIBRARIES = YES;
				ASSETCATALOG_COMPILER_APPICON_NAME = AppIcon;
				ASSETCATALOG_COMPILER_GLOBAL_ACCENT_COLOR_NAME = AccentColor;
				CODE_SIGN_ENTITLEMENTS = macOS/macOS.entitlements;
				CODE_SIGN_STYLE = Automatic;
				COMBINE_HIDPI_IMAGES = YES;
				CURRENT_PROJECT_VERSION = 1;
				DEVELOPMENT_TEAM = 2W25PVZ57F;
				ENABLE_HARDENED_RUNTIME = YES;
				ENABLE_PREVIEWS = YES;
				GENERATE_INFOPLIST_FILE = YES;
				INFOPLIST_KEY_NSHumanReadableCopyright = "";
				LD_RUNPATH_SEARCH_PATHS = (
					"$(inherited)",
					"@executable_path/../Frameworks",
				);
				MACOSX_DEPLOYMENT_TARGET = 12.1;
				MARKETING_VERSION = 1.0;
				PRODUCT_BUNDLE_IDENTIFIER = atome.Vie;
				PRODUCT_NAME = Vie;
				SDKROOT = macosx;
				SWIFT_EMIT_LOC_STRINGS = YES;
				SWIFT_VERSION = 5.0;
			};
			name = Release;
		};
		CBFA8F1F27C7DB140073A1DD /* Debug */ = {
			isa = XCBuildConfiguration;
			buildSettings = {
				CODE_SIGN_STYLE = Automatic;
				CURRENT_PROJECT_VERSION = 1;
				DEVELOPMENT_TEAM = 2W25PVZ57F;
				GENERATE_INFOPLIST_FILE = YES;
				INFOPLIST_FILE = VieiOS/Info.plist;
				INFOPLIST_KEY_CFBundleDisplayName = VieiOS;
				INFOPLIST_KEY_NSHumanReadableCopyright = "";
				IPHONEOS_DEPLOYMENT_TARGET = 15.2;
				LD_RUNPATH_SEARCH_PATHS = (
					"$(inherited)",
					"@executable_path/Frameworks",
					"@executable_path/../../Frameworks",
				);
				MARKETING_VERSION = 1.0;
				PRODUCT_BUNDLE_IDENTIFIER = atome.Vie.VieiOS;
				PRODUCT_NAME = "$(TARGET_NAME)";
				SDKROOT = iphoneos;
				SKIP_INSTALL = YES;
				SWIFT_EMIT_LOC_STRINGS = YES;
				SWIFT_OBJC_BRIDGING_HEADER = "../../src/platforms/apple/VieiOS/VieiOS-Bridging-Header.h";
				SWIFT_VERSION = 5.0;
				TARGETED_DEVICE_FAMILY = "1,2";
			};
			name = Debug;
		};
		CBFA8F2027C7DB140073A1DD /* Release */ = {
			isa = XCBuildConfiguration;
			buildSettings = {
				CODE_SIGN_STYLE = Automatic;
				CURRENT_PROJECT_VERSION = 1;
				DEVELOPMENT_TEAM = 2W25PVZ57F;
				GENERATE_INFOPLIST_FILE = YES;
				INFOPLIST_FILE = VieiOS/Info.plist;
				INFOPLIST_KEY_CFBundleDisplayName = VieiOS;
				INFOPLIST_KEY_NSHumanReadableCopyright = "";
				IPHONEOS_DEPLOYMENT_TARGET = 15.2;
				LD_RUNPATH_SEARCH_PATHS = (
					"$(inherited)",
					"@executable_path/Frameworks",
					"@executable_path/../../Frameworks",
				);
				MARKETING_VERSION = 1.0;
				PRODUCT_BUNDLE_IDENTIFIER = atome.Vie.VieiOS;
				PRODUCT_NAME = "$(TARGET_NAME)";
				SDKROOT = iphoneos;
				SKIP_INSTALL = YES;
				SWIFT_EMIT_LOC_STRINGS = YES;
				SWIFT_OBJC_BRIDGING_HEADER = "../../src/platforms/apple/VieiOS/VieiOS-Bridging-Header.h";
				SWIFT_VERSION = 5.0;
				TARGETED_DEVICE_FAMILY = "1,2";
				VALIDATE_PRODUCT = YES;
			};
			name = Release;
		};
		CBFA8F4627C7DBA60073A1DD /* Debug */ = {
			isa = XCBuildConfiguration;
			buildSettings = {
				CODE_SIGN_ENTITLEMENTS = VieOSX/VieOSX.entitlements;
				CODE_SIGN_STYLE = Automatic;
				CURRENT_PROJECT_VERSION = 1;
				DEVELOPMENT_TEAM = 2W25PVZ57F;
				ENABLE_HARDENED_RUNTIME = YES;
				GENERATE_INFOPLIST_FILE = YES;
				INFOPLIST_FILE = VieOSX/Info.plist;
				INFOPLIST_KEY_CFBundleDisplayName = VieOSX;
				INFOPLIST_KEY_NSHumanReadableCopyright = "";
				LD_RUNPATH_SEARCH_PATHS = (
					"$(inherited)",
					"@executable_path/../Frameworks",
					"@executable_path/../../../../Frameworks",
				);
				MACOSX_DEPLOYMENT_TARGET = 12.1;
				MARKETING_VERSION = 1.0;
				PRODUCT_BUNDLE_IDENTIFIER = atome.Vie.VieOSX;
				PRODUCT_NAME = "$(TARGET_NAME)";
				SDKROOT = macosx;
				SKIP_INSTALL = YES;
				SWIFT_EMIT_LOC_STRINGS = YES;
				SWIFT_OBJC_BRIDGING_HEADER = "../../src/platforms/apple/VieOSX//VieOSX-Bridging-Header.h";
				SWIFT_VERSION = 5.0;
			};
			name = Debug;
		};
		CBFA8F4727C7DBA60073A1DD /* Release */ = {
			isa = XCBuildConfiguration;
			buildSettings = {
				CODE_SIGN_ENTITLEMENTS = VieOSX/VieOSX.entitlements;
				CODE_SIGN_STYLE = Automatic;
				CURRENT_PROJECT_VERSION = 1;
				DEVELOPMENT_TEAM = 2W25PVZ57F;
				ENABLE_HARDENED_RUNTIME = YES;
				GENERATE_INFOPLIST_FILE = YES;
				INFOPLIST_FILE = VieOSX/Info.plist;
				INFOPLIST_KEY_CFBundleDisplayName = VieOSX;
				INFOPLIST_KEY_NSHumanReadableCopyright = "";
				LD_RUNPATH_SEARCH_PATHS = (
					"$(inherited)",
					"@executable_path/../Frameworks",
					"@executable_path/../../../../Frameworks",
				);
				MACOSX_DEPLOYMENT_TARGET = 12.1;
				MARKETING_VERSION = 1.0;
				PRODUCT_BUNDLE_IDENTIFIER = atome.Vie.VieOSX;
				PRODUCT_NAME = "$(TARGET_NAME)";
				SDKROOT = macosx;
				SKIP_INSTALL = YES;
				SWIFT_EMIT_LOC_STRINGS = YES;
				SWIFT_OBJC_BRIDGING_HEADER = "../../src/platforms/apple/VieOSX//VieOSX-Bridging-Header.h";
				SWIFT_VERSION = 5.0;
			};
			name = Release;
		};
/* End XCBuildConfiguration section */

/* Begin XCConfigurationList section */
		CBFA8ED827C7DAE50073A1DD /* Build configuration list for PBXProject "Vie" */ = {
			isa = XCConfigurationList;
			buildConfigurations = (
				CBFA8EF027C7DAE70073A1DD /* Debug */,
				CBFA8EF127C7DAE70073A1DD /* Release */,
			);
			defaultConfigurationIsVisible = 0;
			defaultConfigurationName = Release;
		};
		CBFA8EF227C7DAE70073A1DD /* Build configuration list for PBXNativeTarget "Vie (iOS)" */ = {
			isa = XCConfigurationList;
			buildConfigurations = (
				CBFA8EF327C7DAE70073A1DD /* Debug */,
				CBFA8EF427C7DAE70073A1DD /* Release */,
			);
			defaultConfigurationIsVisible = 0;
			defaultConfigurationName = Release;
		};
		CBFA8EF527C7DAE70073A1DD /* Build configuration list for PBXNativeTarget "Vie (macOS)" */ = {
			isa = XCConfigurationList;
			buildConfigurations = (
				CBFA8EF627C7DAE70073A1DD /* Debug */,
				CBFA8EF727C7DAE70073A1DD /* Release */,
			);
			defaultConfigurationIsVisible = 0;
			defaultConfigurationName = Release;
		};
		CBFA8F1E27C7DB140073A1DD /* Build configuration list for PBXNativeTarget "VieiOS" */ = {
			isa = XCConfigurationList;
			buildConfigurations = (
				CBFA8F1F27C7DB140073A1DD /* Debug */,
				CBFA8F2027C7DB140073A1DD /* Release */,
			);
			defaultConfigurationIsVisible = 0;
			defaultConfigurationName = Release;
		};
		CBFA8F4527C7DBA60073A1DD /* Build configuration list for PBXNativeTarget "VieOSX" */ = {
			isa = XCConfigurationList;
			buildConfigurations = (
				CBFA8F4627C7DBA60073A1DD /* Debug */,
				CBFA8F4727C7DBA60073A1DD /* Release */,
			);
			defaultConfigurationIsVisible = 0;
			defaultConfigurationName = Release;
		};
/* End XCConfigurationList section */
	};
	rootObject = CBFA8ED527C7DAE50073A1DD /* Project object */;
}
