<?xml version="1.0" encoding="utf-8"?>
<Project ToolsVersion="4.0" xmlns="http://schemas.microsoft.com/developer/msbuild/2003">
  <ItemGroup>
    <Filter Include="Fichiers sources">
      <UniqueIdentifier>{4FC737F1-C7A5-4376-A066-2A32D752A2FF}</UniqueIdentifier>
      <Extensions>cpp;c;cc;cxx;def;odl;idl;hpj;bat;asm;asmx</Extensions>
    </Filter>
    <Filter Include="Fichiers d%27en-tête">
      <UniqueIdentifier>{93995380-89BD-4b04-88EB-625FBE52EBFB}</UniqueIdentifier>
      <Extensions>h;hh;hpp;hxx;hm;inl;inc;ipp;xsd</Extensions>
    </Filter>
    <Filter Include="Fichiers de ressources">
      <UniqueIdentifier>{67DA6AB6-F800-4c08-8B7A-83BB121AAD01}</UniqueIdentifier>
      <Extensions>rc;ico;cur;bmp;dlg;rc2;rct;bin;rgs;gif;jpg;jpeg;jpe;resx;tiff;tif;png;wav;mfcribbon-ms</Extensions>
    </Filter>
    <Filter Include="Fichiers d%27en-tête\Third-parties">
      <UniqueIdentifier>{4b94b8fc-c28a-4abd-8089-f552e5c4f9fa}</UniqueIdentifier>
    </Filter>
  </ItemGroup>
  <ItemGroup>
    <Image Include="Sources\Resources\TriTone.ico">
      <Filter>Fichiers de ressources</Filter>
    </Image>
  </ItemGroup>
  <ItemGroup>
    <ClInclude Include="Sources\Application.h">
      <Filter>Fichiers d%27en-tête</Filter>
    </ClInclude>
    <ClInclude Include="Sources\Constants.h">
      <Filter>Fichiers d%27en-tête</Filter>
    </ClInclude>
    <ClInclude Include="Sources\FrequencyParameter.h">
      <Filter>Fichiers d%27en-tête</Filter>
    </ClInclude>
    <ClInclude Include="Sources\IParameterListener.h">
      <Filter>Fichiers d%27en-tête</Filter>
    </ClInclude>
    <ClInclude Include="Sources\TriToneController.h">
      <Filter>Fichiers d%27en-tête</Filter>
    </ClInclude>
    <ClInclude Include="Sources\TriToneProcessor.h">
      <Filter>Fichiers d%27en-tête</Filter>
    </ClInclude>
    <ClInclude Include="Sources\TriToneView.h">
      <Filter>Fichiers d%27en-tête</Filter>
    </ClInclude>
    <ClInclude Include="Sources\Third-parties\json.hpp">
      <Filter>Fichiers d%27en-tête\Third-parties</Filter>
    </ClInclude>
  </ItemGroup>
  <ItemGroup>
    <ClCompile Include="Sources\Application.cpp">
      <Filter>Fichiers sources</Filter>
    </ClCompile>
    <ClCompile Include="Sources\FrequencyParameter.cpp">
      <Filter>Fichiers sources</Filter>
    </ClCompile>
    <ClCompile Include="Sources\PluginFactory.cpp">
      <Filter>Fichiers sources</Filter>
    </ClCompile>
    <ClCompile Include="Sources\TriToneController.cpp">
      <Filter>Fichiers sources</Filter>
    </ClCompile>
    <ClCompile Include="Sources\TriToneProcessor.cpp">
      <Filter>Fichiers sources</Filter>
    </ClCompile>
    <ClCompile Include="Sources\TriToneView.cpp">
      <Filter>Fichiers sources</Filter>
    </ClCompile>
  </ItemGroup>
  <ItemGroup>
    <None Include="packages.config" />
    <None Include="Sources\Resources\desktop.ini">
      <Filter>Fichiers de ressources</Filter>
    </None>
    <None Include="readme.md" />
  </ItemGroup>
</Project>